
Microsoft Visual Studio Solution File, Format Version 12.00
# Visual Studio Version 17
VisualStudioVersion = 17.4.33213.308
MinimumVisualStudioVersion = 10.0.40219.1
Project("{9A19103F-16F7-4668-BE54-9A1E7A4F7556}") = "DotBook.API", "DotBook.API\DotBook.API.csproj", "{07D47D6F-5841-4CB4-B8F6-DCBEE0D54DA3}"
EndProject
Project("{9A19103F-16F7-4668-BE54-9A1E7A4F7556}") = "DotBook.Application", "DotBook.Application\DotBook.Application.csproj", "{4F1BC96F-FE49-4C41-9C10-920FF242D023}"
EndProject
Project("{9A19103F-16F7-4668-BE54-9A1E7A4F7556}") = "DotBook.Core", "DotBook.Core\DotBook.Core.csproj", "{B4D6FEB5-0D47-4FFE-9EE2-C695373B1490}"
EndProject
Project("{9A19103F-16F7-4668-BE54-9A1E7A4F7556}") = "DotBook.Infrastructure", "DotBook.Infrastructure\DotBook.Infrastructure.csproj", "{22A76ACF-4635-4544-A0ED-611D162F56E5}"
EndProject
Project("{FAE04EC0-301F-11D3-BF4B-00C04F79EFBC}") = "DotBook.UnitTests", "DotBook.UnitTests\DotBook.UnitTests.csproj", "{AE323D6A-3986-4008-823C-D6823131BE4F}"
EndProject
Global
	GlobalSection(SolutionConfigurationPlatforms) = preSolution
		Debug|Any CPU = Debug|Any CPU
		Release|Any CPU = Release|Any CPU
	EndGlobalSection
	GlobalSection(ProjectConfigurationPlatforms) = postSolution
		{07D47D6F-5841-4CB4-B8F6-DCBEE0D54DA3}.Debug|Any CPU.ActiveCfg = Debug|Any CPU
		{07D47D6F-5841-4CB4-B8F6-DCBEE0D54DA3}.Debug|Any CPU.Build.0 = Debug|Any CPU
		{07D47D6F-5841-4CB4-B8F6-DCBEE0D54DA3}.Release|Any CPU.ActiveCfg = Release|Any CPU
		{07D47D6F-5841-4CB4-B8F6-DCBEE0D54DA3}.Release|Any CPU.Build.0 = Release|Any CPU
		{4F1BC96F-FE49-4C41-9C10-920FF242D023}.Debug|Any CPU.ActiveCfg = Debug|Any CPU
		{4F1BC96F-FE49-4C41-9C10-920FF242D023}.Debug|Any CPU.Build.0 = Debug|Any CPU
		{4F1BC96F-FE49-4C41-9C10-920FF242D023}.Release|Any CPU.ActiveCfg = Release|Any CPU
		{4F1BC96F-FE49-4C41-9C10-920FF242D023}.Release|Any CPU.Build.0 = Release|Any CPU
		{B4D6FEB5-0D47-4FFE-9EE2-C695373B1490}.Debug|Any CPU.ActiveCfg = Debug|Any CPU
		{B4D6FEB5-0D47-4FFE-9EE2-C695373B1490}.Debug|Any CPU.Build.0 = Debug|Any CPU
		{B4D6FEB5-0D47-4FFE-9EE2-C695373B1490}.Release|Any CPU.ActiveCfg = Release|Any CPU
		{B4D6FEB5-0D47-4FFE-9EE2-C695373B1490}.Release|Any CPU.Build.0 = Release|Any CPU
		{22A76ACF-4635-4544-A0ED-611D162F56E5}.Debug|Any CPU.ActiveCfg = Debug|Any CPU
		{22A76ACF-4635-4544-A0ED-611D162F56E5}.Debug|Any CPU.Build.0 = Debug|Any CPU
		{22A76ACF-4635-4544-A0ED-611D162F56E5}.Release|Any CPU.ActiveCfg = Release|Any CPU
		{22A76ACF-4635-4544-A0ED-611D162F56E5}.Release|Any CPU.Build.0 = Release|Any CPU
		{AE323D6A-3986-4008-823C-D6823131BE4F}.Debug|Any CPU.ActiveCfg = Debug|Any CPU
		{AE323D6A-3986-4008-823C-D6823131BE4F}.Debug|Any CPU.Build.0 = Debug|Any CPU
		{AE323D6A-3986-4008-823C-D6823131BE4F}.Release|Any CPU.ActiveCfg = Release|Any CPU
		{AE323D6A-3986-4008-823C-D6823131BE4F}.Release|Any CPU.Build.0 = Release|Any CPU
	EndGlobalSection
	GlobalSection(SolutionProperties) = preSolution
		HideSolutionNode = FALSE
	EndGlobalSection
	GlobalSection(ExtensibilityGlobals) = postSolution
		SolutionGuid = {1C51BB86-BBDC-49EB-8829-81B65D6B07E4}
	EndGlobalSection
EndGlobal
